<?xml version="1.0" encoding="utf-8"?>
<Project ToolsVersion="4.0" xmlns="http://schemas.microsoft.com/developer/msbuild/2003">
  <ItemGroup>
    <Filter Include="99 Default">
      <UniqueIdentifier>{0d97e7e3-b04d-4e4c-8ef9-556d73604b70}</UniqueIdentifier>
    </Filter>
    <Filter Include="99 Default\00. Using">
      <UniqueIdentifier>{b3365e85-ee19-42da-9701-ca24a065ebfa}</UniqueIdentifier>
    </Filter>
    <Filter Include="99 Default\01. Resource">
      <UniqueIdentifier>{ca2a253b-835b-4143-935a-501cda5fab23}</UniqueIdentifier>
    </Filter>
    <Filter Include="99 Default\02. DontUsed">
      <UniqueIdentifier>{56b25a1f-68ef-4cba-b587-b9b0f501eed6}</UniqueIdentifier>
    </Filter>
    <Filter Include="00. MainFrame">
      <UniqueIdentifier>{d2073108-de05-49f9-b3b2-2677c5d4a8bd}</UniqueIdentifier>
    </Filter>
    <Filter Include="01. ToolView">
      <UniqueIdentifier>{5a5cbce5-fd84-477b-a704-c535ec31d96e}</UniqueIdentifier>
    </Filter>
    <Filter Include="02. ToolDoc">
      <UniqueIdentifier>{ff7a4f61-fd82-4d96-aab4-fa1c8cba7a64}</UniqueIdentifier>
    </Filter>
    <Filter Include="01. ToolView\00. View">
      <UniqueIdentifier>{18d77959-f6b2-4c58-b75b-b09bf07ed9ef}</UniqueIdentifier>
    </Filter>
    <Filter Include="01. ToolView\01. MainTab">
      <UniqueIdentifier>{4ad63357-3df0-4885-99a0-e73e4d3fa61f}</UniqueIdentifier>
    </Filter>
    <Filter Include="01. ToolView\01. MainTab\01. Camera Tab">
      <UniqueIdentifier>{9343a39a-d8a7-4bab-97a9-d93dceb750cf}</UniqueIdentifier>
    </Filter>
    <Filter Include="01. ToolView\01. MainTab\02. Mesh Tab">
      <UniqueIdentifier>{de0cb712-f8b4-4e9c-8c36-3bc88c89b7d2}</UniqueIdentifier>
    </Filter>
    <Filter Include="01. ToolView\01. MainTab\03. Terrain Tab">
      <UniqueIdentifier>{334f66f2-21ab-409d-99df-b322c05a418c}</UniqueIdentifier>
    </Filter>
    <Filter Include="03. Object">
      <UniqueIdentifier>{ef30a8ce-c0f7-4a41-8952-bd19614f85e7}</UniqueIdentifier>
    </Filter>
    <Filter Include="03. Object\00. Tool Camera">
      <UniqueIdentifier>{7c971faf-26cf-47a9-b523-4d12c55123d2}</UniqueIdentifier>
    </Filter>
    <Filter Include="03. Object\01. Tool Model">
      <UniqueIdentifier>{df2c9860-d80f-4c05-8771-abae8041395f}</UniqueIdentifier>
    </Filter>
    <Filter Include="03. Object\99. Tool Base">
      <UniqueIdentifier>{d9a6fbb5-0e65-470a-8681-828278e7c3be}</UniqueIdentifier>
    </Filter>
    <Filter Include="01. ToolView\01. MainTab\03. Terrain Tab\Terrain">
      <UniqueIdentifier>{fa6a998f-ad71-4da3-8265-23e30d99df45}</UniqueIdentifier>
    </Filter>
    <Filter Include="03. Object\01. Tool Object">
      <UniqueIdentifier>{31299ad0-d7df-41c3-9b9d-4cdf18bf0b71}</UniqueIdentifier>
    </Filter>
    <Filter Include="01. ToolView\01. MainTab\01. Camera Tab\CamObject">
      <UniqueIdentifier>{b0739a94-bbdb-4c8d-b908-dd9bb9e0df63}</UniqueIdentifier>
    </Filter>
    <Filter Include="98. Tool Defines">
      <UniqueIdentifier>{f4106ad5-a87e-4a48-b93e-e4a6242c1391}</UniqueIdentifier>
    </Filter>
    <Filter Include="01. ToolView\01. MainTab\05. Light Tab">
      <UniqueIdentifier>{c0c3c396-1f94-4dc1-8892-ca4daae00122}</UniqueIdentifier>
    </Filter>
    <Filter Include="03. Object\02. Mouse">
      <UniqueIdentifier>{f97019f1-e19e-4390-aba5-6322c587b91e}</UniqueIdentifier>
    </Filter>
    <Filter Include="03. Object\03. ToolParticle">
      <UniqueIdentifier>{fd171c14-68d0-4634-872b-db96df0c112d}</UniqueIdentifier>
    </Filter>
    <Filter Include="01. ToolView\01. MainTab\07. Navigation Tab">
      <UniqueIdentifier>{edaee3d3-5db2-4626-b210-333251660ce0}</UniqueIdentifier>
    </Filter>
    <Filter Include="03. Object\04. ToolNavigtaion">
      <UniqueIdentifier>{109977fc-721b-492f-9df4-8c7d34177507}</UniqueIdentifier>
    </Filter>
    <Filter Include="01. ToolView\01. MainTab\04. Animation Tab">
      <UniqueIdentifier>{4193c222-80d0-48b5-90e4-955e6ee8dd68}</UniqueIdentifier>
    </Filter>
    <Filter Include="01. ToolView\01. MainTab\00. Main Tab">
      <UniqueIdentifier>{e9c86d60-7a54-4712-b55d-48e915f86a8c}</UniqueIdentifier>
    </Filter>
    <Filter Include="03. Object\05. ToolMeshEffectObject">
      <UniqueIdentifier>{d92ab2f7-aa58-4169-bf83-1e05ba928040}</UniqueIdentifier>
    </Filter>
    <Filter Include="01. ToolView\01. MainTab\08. EffectMesh Tab">
      <UniqueIdentifier>{209b8d10-5276-4667-a85f-9638c3e3027b}</UniqueIdentifier>
    </Filter>
    <Filter Include="03. Object\06. ToolLight">
      <UniqueIdentifier>{5d04ab4e-b8f1-4d19-a74b-f905cf3f2d69}</UniqueIdentifier>
    </Filter>
    <Filter Include="03. Object\07. Tool Event Collider">
      <UniqueIdentifier>{408947cd-f9b9-4255-bbef-9ff969dd917e}</UniqueIdentifier>
    </Filter>
    <Filter Include="01. ToolView\01. MainTab\06. Particle Tab">
      <UniqueIdentifier>{84d44146-016a-4577-bea3-85082db0a41e}</UniqueIdentifier>
    </Filter>
    <Filter Include="03. Object\08.Tool Cam Collider">
      <UniqueIdentifier>{39864df9-85e6-4a71-90f1-c19467a22d4a}</UniqueIdentifier>
    </Filter>
    <Filter Include="01. ToolView\01. MainTab\09.EventCollider Tab">
      <UniqueIdentifier>{dafe4ebb-85b6-4160-af6b-659130f1705d}</UniqueIdentifier>
    </Filter>
    <Filter Include="01. ToolView\01. MainTab\09.EventCollider Tab\Event_Collider">
      <UniqueIdentifier>{225e93be-5b8e-488c-9459-99fc306212d0}</UniqueIdentifier>
    </Filter>
  </ItemGroup>
  <ItemGroup>
    <ClInclude Include="MainFrm.h">
      <Filter>00. MainFrame</Filter>
    </ClInclude>
    <ClInclude Include="Resource.h">
      <Filter>99 Default\00. Using</Filter>
    </ClInclude>
    <ClInclude Include="stdafx.h">
      <Filter>99 Default\00. Using</Filter>
    </ClInclude>
    <ClInclude Include="targetver.h">
      <Filter>99 Default\02. DontUsed</Filter>
    </ClInclude>
    <ClInclude Include="Tool.h">
      <Filter>99 Default\00. Using</Filter>
    </ClInclude>
    <ClInclude Include="ToolDoc.h">
      <Filter>02. ToolDoc</Filter>
    </ClInclude>
    <ClInclude Include="ToolView.h">
      <Filter>01. ToolView\00. View</Filter>
    </ClInclude>
    <ClInclude Include="MainTab.h">
      <Filter>01. ToolView\01. MainTab\00. Main Tab</Filter>
    </ClInclude>
    <ClInclude Include="CameraTab.h">
      <Filter>01. ToolView\01. MainTab\01. Camera Tab</Filter>
    </ClInclude>
    <ClInclude Include="MeshTab.h">
      <Filter>01. ToolView\01. MainTab\02. Mesh Tab</Filter>
    </ClInclude>
    <ClInclude Include="TerrainTab.h">
      <Filter>01. ToolView\01. MainTab\03. Terrain Tab</Filter>
    </ClInclude>
    <ClInclude Include="ToolCamera.h">
      <Filter>03. Object\00. Tool Camera</Filter>
    </ClInclude>
    <ClInclude Include="ToolModel.h">
      <Filter>03. Object\01. Tool Model</Filter>
    </ClInclude>
    <ClInclude Include="ToolObjectBase.h">
      <Filter>03. Object\99. Tool Base</Filter>
    </ClInclude>
    <ClInclude Include="Terrain.h">
      <Filter>01. ToolView\01. MainTab\03. Terrain Tab\Terrain</Filter>
    </ClInclude>
    <ClInclude Include="AnimationTab.h">
      <Filter>01. ToolView\01. MainTab\04. Animation Tab</Filter>
    </ClInclude>
    <ClInclude Include="ToolObject.h">
      <Filter>03. Object\01. Tool Object</Filter>
    </ClInclude>
    <ClInclude Include="CamObject.h">
      <Filter>01. ToolView\01. MainTab\01. Camera Tab\CamObject</Filter>
    </ClInclude>
    <ClInclude Include="ToolDefines.h">
      <Filter>98. Tool Defines</Filter>
    </ClInclude>
    <ClInclude Include="Mouse.h">
      <Filter>03. Object\02. Mouse</Filter>
    </ClInclude>
    <ClInclude Include="EffectTab.h">
      <Filter>01. ToolView\01. MainTab\06. Particle Tab</Filter>
    </ClInclude>
    <ClInclude Include="ToolParticle.h">
      <Filter>03. Object\03. ToolParticle</Filter>
    </ClInclude>
    <ClInclude Include="NavigationTab.h">
      <Filter>01. ToolView\01. MainTab\07. Navigation Tab</Filter>
    </ClInclude>
    <ClInclude Include="ToolNavigation.h">
      <Filter>03. Object\04. ToolNavigtaion</Filter>
    </ClInclude>
    <ClInclude Include="ToolEffectMeshObject.h">
      <Filter>03. Object\05. ToolMeshEffectObject</Filter>
    </ClInclude>
    <ClInclude Include="EffectMeshTab.h">
      <Filter>01. ToolView\01. MainTab\08. EffectMesh Tab</Filter>
    </ClInclude>
    <ClInclude Include="LightTab.h">
      <Filter>01. ToolView\01. MainTab\05. Light Tab</Filter>
    </ClInclude>
    <ClInclude Include="ToolLight.h">
      <Filter>03. Object\06. ToolLight</Filter>
    </ClInclude>
    <ClInclude Include="EffectMesh2Tab.h">
      <Filter>01. ToolView\01. MainTab\08. EffectMesh Tab</Filter>
    </ClInclude>
    <ClInclude Include="Tool_CamCollider.h">
      <Filter>03. Object\08.Tool Cam Collider</Filter>
    </ClInclude>
    <ClInclude Include="EventColliderTab.h">
      <Filter>01. ToolView\01. MainTab\09.EventCollider Tab</Filter>
    </ClInclude>
    <ClInclude Include="Event_Collider.h">
      <Filter>01. ToolView\01. MainTab\09.EventCollider Tab\Event_Collider</Filter>
    </ClInclude>
  </ItemGroup>
  <ItemGroup>
    <ClCompile Include="MainFrm.cpp">
      <Filter>00. MainFrame</Filter>
    </ClCompile>
    <ClCompile Include="Tool.cpp">
      <Filter>99 Default\00. Using</Filter>
    </ClCompile>
    <ClCompile Include="stdafx.cpp">
      <Filter>99 Default\02. DontUsed</Filter>
    </ClCompile>
    <ClCompile Include="ToolDoc.cpp">
      <Filter>02. ToolDoc</Filter>
    </ClCompile>
    <ClCompile Include="ToolView.cpp">
      <Filter>01. ToolView\00. View</Filter>
    </ClCompile>
    <ClCompile Include="MainTab.cpp">
      <Filter>01. ToolView\01. MainTab\00. Main Tab</Filter>
    </ClCompile>
    <ClCompile Include="CameraTab.cpp">
      <Filter>01. ToolView\01. MainTab\01. Camera Tab</Filter>
    </ClCompile>
    <ClCompile Include="MeshTab.cpp">
      <Filter>01. ToolView\01. MainTab\02. Mesh Tab</Filter>
    </ClCompile>
    <ClCompile Include="TerrainTab.cpp">
      <Filter>01. ToolView\01. MainTab\03. Terrain Tab</Filter>
    </ClCompile>
    <ClCompile Include="ToolCamera.cpp">
      <Filter>03. Object\00. Tool Camera</Filter>
    </ClCompile>
    <ClCompile Include="ToolModel.cpp">
      <Filter>03. Object\01. Tool Model</Filter>
    </ClCompile>
    <ClCompile Include="ToolObjectBase.cpp">
      <Filter>03. Object\99. Tool Base</Filter>
    </ClCompile>
    <ClCompile Include="Terrain.cpp">
      <Filter>01. ToolView\01. MainTab\03. Terrain Tab\Terrain</Filter>
    </ClCompile>
    <ClCompile Include="AnimationTab.cpp">
      <Filter>01. ToolView\01. MainTab\04. Animation Tab</Filter>
    </ClCompile>
    <ClCompile Include="ToolObject.cpp">
      <Filter>03. Object\01. Tool Object</Filter>
    </ClCompile>
    <ClCompile Include="CamObject.cpp">
      <Filter>01. ToolView\01. MainTab\01. Camera Tab\CamObject</Filter>
    </ClCompile>
    <ClCompile Include="Mouse.cpp">
      <Filter>03. Object\02. Mouse</Filter>
    </ClCompile>
    <ClCompile Include="EffectTab.cpp">
      <Filter>01. ToolView\01. MainTab\06. Particle Tab</Filter>
    </ClCompile>
    <ClCompile Include="ToolParticle.cpp">
      <Filter>03. Object\03. ToolParticle</Filter>
    </ClCompile>
    <ClCompile Include="NavigationTab.cpp">
      <Filter>01. ToolView\01. MainTab\07. Navigation Tab</Filter>
    </ClCompile>
    <ClCompile Include="ToolNavigation.cpp">
      <Filter>03. Object\04. ToolNavigtaion</Filter>
    </ClCompile>
    <ClCompile Include="ToolEffectMeshObject.cpp">
      <Filter>03. Object\05. ToolMeshEffectObject</Filter>
    </ClCompile>
    <ClCompile Include="EffectMeshTab.cpp">
      <Filter>01. ToolView\01. MainTab\08. EffectMesh Tab</Filter>
    </ClCompile>
    <ClCompile Include="LightTab.cpp">
      <Filter>01. ToolView\01. MainTab\05. Light Tab</Filter>
    </ClCompile>
    <ClCompile Include="ToolLight.cpp">
      <Filter>03. Object\06. ToolLight</Filter>
    </ClCompile>
    <ClCompile Include="EffectMesh2Tab.cpp">
      <Filter>01. ToolView\01. MainTab\08. EffectMesh Tab</Filter>
    </ClCompile>
    <ClCompile Include="Tool_CamCollider.cpp">
      <Filter>03. Object\08.Tool Cam Collider</Filter>
    </ClCompile>
    <ClCompile Include="EventColliderTab.cpp">
      <Filter>01. ToolView\01. MainTab\09.EventCollider Tab</Filter>
    </ClCompile>
    <ClCompile Include="Event_Collider.cpp">
      <Filter>01. ToolView\01. MainTab\09.EventCollider Tab\Event_Collider</Filter>
    </ClCompile>
  </ItemGroup>
  <ItemGroup>
    <Image Include="res\Tool.ico">
      <Filter>99 Default\01. Resource</Filter>
    </Image>
    <Image Include="res\Toolbar.bmp">
      <Filter>99 Default\01. Resource</Filter>
    </Image>
    <Image Include="res\ToolDoc.ico">
      <Filter>99 Default\01. Resource</Filter>
    </Image>
    <Image Include="Icon.bmp">
      <Filter>99 Default\01. Resource</Filter>
    </Image>
    <Image Include="ContainerIcon.bmp" />
  </ItemGroup>
  <ItemGroup>
    <ResourceCompile Include="Tool.rc">
      <Filter>99 Default\01. Resource</Filter>
    </ResourceCompile>
  </ItemGroup>
  <ItemGroup>
    <None Include="res\Tool.rc2">
      <Filter>99 Default\01. Resource</Filter>
    </None>
    <None Include="ClassDiagram.cd" />
  </ItemGroup>
  <ItemGroup>
    <Text Include="ReadMe.txt">
      <Filter>99 Default\02. DontUsed</Filter>
    </Text>
  </ItemGroup>
</Project>